# This file was autogenerated by Stack.
# You should not edit this file by hand.
# For more information, please see the documentation at:
#   https://docs.haskellstack.org/en/stable/lock_files

packages:
- completed:
    hackage: extensible-0.8.3@sha256:2886978a81e9c2ff29a93caf7ae847a8b7724dc4ee22381c5d29ca8318c686c4,2955
    pantry-tree:
      size: 2041
      sha256: 670fd3807d351e2668eb7c10d926c24501ef190e49e4a4624acc822b09b257b4
  original:
    hackage: extensible-0.8.3@sha256:2886978a81e9c2ff29a93caf7ae847a8b7724dc4ee22381c5d29ca8318c686c4,2955
- completed:
    hackage: incremental-0.3.1@sha256:9c697bae4f7e5ceb144bde13e03ca2f36b4bc2d0c92bbc02e0a604231ee279c2,1153
    pantry-tree:
      size: 370
      sha256: fd5f40352dbf1602babd2c5db2a120c26e57bbd5ad30b19ce24d04189f6a18d1
  original:
    hackage: incremental-0.3.1@sha256:9c697bae4f7e5ceb144bde13e03ca2f36b4bc2d0c92bbc02e0a604231ee279c2,1153
- completed:
    hackage: membership-0.0.1@sha256:6c4d4ab6e3fb3253c6c670e8a63f74454dc91be50b9f292d0b1355792190aee5,999
    pantry-tree:
      size: 408
      sha256: b918a1a207108313b2bf453b0d9aa65122d9845c4b360c8ade46d3429ff1107a
  original:
    hackage: membership-0.0.1@sha256:6c4d4ab6e3fb3253c6c670e8a63f74454dc91be50b9f292d0b1355792190aee5,999
- completed:
    name: extensible-stream-fmt
    version: 0.1.0.0
    git: https://github.com/greenhorn643/extensible-stream-fmt
    pantry-tree:
      size: 1368
      sha256: 7f7c1130900ba320c19d39c6ecc9f6da51657adc7a041afc67365291b37e1665
    commit: faa0383eb2e04092c7ce8e3e5b781e57392cb29e
  original:
    git: https://github.com/greenhorn643/extensible-stream-fmt
    commit: faa0383eb2e04092c7ce8e3e5b781e57392cb29e
- completed:
    name: vle
    version: 0.1.0.0
    git: https://github.com/greenhorn643/vle
    pantry-tree:
      size: 618
      sha256: efda083c9e848e8bf9a62c89289dfd0ff189be8dea73afff5bd85582b0287440
    commit: 60fd0b2f7040e3c1cb7281d3e394ebbaa5fe191b
  original:
    git: https://github.com/greenhorn643/vle
    commit: 60fd0b2f7040e3c1cb7281d3e394ebbaa5fe191b
snapshots:
- completed:
    size: 618509
    url: https://raw.githubusercontent.com/commercialhaskell/stackage-snapshots/master/lts/19/10.yaml
    sha256: 005f204647467d65c4ab549a5ca35d54b3d90a84a99a4ffc5d421a4018854fe2
  original:
    url: https://raw.githubusercontent.com/commercialhaskell/stackage-snapshots/master/lts/19/10.yaml
